
Microsoft Visual Studio Solution File, Format Version 12.00
# Visual Studio Version 17
VisualStudioVersion = 17.5.33627.172
MinimumVisualStudioVersion = 10.0.40219.1
Project("{FAE04EC0-301F-11D3-BF4B-00C04F79EFBC}") = "ListaContatos", "ListaContatos.csproj", "{4480C3E1-AA95-4CCE-A19C-4DD23038F043}"
EndProject
Global
	GlobalSection(SolutionConfigurationPlatforms) = preSolution
		Debug|Any CPU = Debug|Any CPU
		Release|Any CPU = Release|Any CPU
	EndGlobalSection
	GlobalSection(ProjectConfigurationPlatforms) = postSolution
		{4480C3E1-AA95-4CCE-A19C-4DD23038F043}.Debug|Any CPU.ActiveCfg = Debug|Any CPU
		{4480C3E1-AA95-4CCE-A19C-4DD23038F043}.Debug|Any CPU.Build.0 = Debug|Any CPU
		{4480C3E1-AA95-4CCE-A19C-4DD23038F043}.Release|Any CPU.ActiveCfg = Release|Any CPU
		{4480C3E1-AA95-4CCE-A19C-4DD23038F043}.Release|Any CPU.Build.0 = Release|Any CPU
	EndGlobalSection
	GlobalSection(SolutionProperties) = preSolution
		HideSolutionNode = FALSE
	EndGlobalSection
	GlobalSection(ExtensibilityGlobals) = postSolution
		SolutionGuid = {38C0AB16-485B-4D57-BEB7-27D699B528E1}
	EndGlobalSection
EndGlobal
